{
  "name": "@kkrull/greeter-cli",
  "version": "0.0.1",
  "lockfileVersion": 3,
  "requires": true,
  "packages": {
    "": {
      "name": "@kkrull/greeter-cli",
      "version": "0.0.1",
      "license": "MIT",
      "dependencies": {
        "@kkrull/greeter-lib": "file:../greeter-lib"
      }
    },
    "../greeter-lib": {
      "name": "@kkrull/greeter-lib",
      "version": "0.0.1",
      "license": "MIT"
    },
    "node_modules/@kkrull/greeter-lib": {
      "resolved": "../greeter-lib",
      "link": true
    }
  }
}
